
Microsoft Visual Studio Solution File, Format Version 12.00
# Visual Studio Version 16
VisualStudioVersion = 16.0.30907.101
MinimumVisualStudioVersion = 10.0.40219.1
Project("{FAE04EC0-301F-11D3-BF4B-00C04F79EFBC}") = "ConsoleApp1", "ConsoleApp1\ConsoleApp1.csproj", "{D2F0789E-BED9-4DC3-B294-FE31CAFF5DCB}"
EndProject
Project("{FAE04EC0-301F-11D3-BF4B-00C04F79EFBC}") = "Tests", "Tests\Tests.csproj", "{491D16A1-3D0D-4940-A3D2-1AC11665E67E}"
EndProject
Global
	GlobalSection(SolutionConfigurationPlatforms) = preSolution
		Debug|Any CPU = Debug|Any CPU
		Release|Any CPU = Release|Any CPU
	EndGlobalSection
	GlobalSection(ProjectConfigurationPlatforms) = postSolution
		{D2F0789E-BED9-4DC3-B294-FE31CAFF5DCB}.Debug|Any CPU.ActiveCfg = Debug|Any CPU
		{D2F0789E-BED9-4DC3-B294-FE31CAFF5DCB}.Debug|Any CPU.Build.0 = Debug|Any CPU
		{D2F0789E-BED9-4DC3-B294-FE31CAFF5DCB}.Release|Any CPU.ActiveCfg = Release|Any CPU
		{D2F0789E-BED9-4DC3-B294-FE31CAFF5DCB}.Release|Any CPU.Build.0 = Release|Any CPU
		{491D16A1-3D0D-4940-A3D2-1AC11665E67E}.Debug|Any CPU.ActiveCfg = Debug|Any CPU
		{491D16A1-3D0D-4940-A3D2-1AC11665E67E}.Debug|Any CPU.Build.0 = Debug|Any CPU
		{491D16A1-3D0D-4940-A3D2-1AC11665E67E}.Release|Any CPU.ActiveCfg = Release|Any CPU
		{491D16A1-3D0D-4940-A3D2-1AC11665E67E}.Release|Any CPU.Build.0 = Release|Any CPU
	EndGlobalSection
	GlobalSection(SolutionProperties) = preSolution
		HideSolutionNode = FALSE
	EndGlobalSection
	GlobalSection(ExtensibilityGlobals) = postSolution
		SolutionGuid = {2FE9A3FB-B65F-4C94-B33D-5D075400F44E}
	EndGlobalSection
EndGlobal
